
Microsoft Visual Studio Solution File, Format Version 12.00
# Visual Studio Express 2012 for Web
Project("{2150E333-8FDC-42A3-9474-1A3956D46DE8}") = "Solution Items", "Solution Items", "{E0A99116-04F0-4403-A188-E8E732DF9105}"
	ProjectSection(SolutionItems) = preProject
		HTMLPage1.html = HTMLPage1.html
		index.html = index.html
		index2.html = index2.html
		assets\css\Style.css = assets\css\Style.css
	EndProjectSection
EndProject
Project("{2150E333-8FDC-42A3-9474-1A3956D46DE8}") = "assets", "assets", "{8F69B1A7-92FB-40EB-8560-F9E613647492}"
	ProjectSection(SolutionItems) = preProject
		assets\css\Style.css = assets\css\Style.css
	EndProjectSection
EndProject
Project("{2150E333-8FDC-42A3-9474-1A3956D46DE8}") = "css", "css", "{F57ADAF3-9020-4658-BE38-A95A872A5350}"
	ProjectSection(SolutionItems) = preProject
		assets\css\Style.css = assets\css\Style.css
		assets\css\styles.less = assets\css\styles.less
		assets\css\styles2.css = assets\css\styles2.css
	EndProjectSection
EndProject
Project("{2150E333-8FDC-42A3-9474-1A3956D46DE8}") = "js", "js", "{EF37BFBB-8F99-4FDD-9880-25F05FAF1A69}"
	ProjectSection(SolutionItems) = preProject
		assets\js\Main.js = assets\js\Main.js
	EndProjectSection
EndProject
Project("{2150E333-8FDC-42A3-9474-1A3956D46DE8}") = "img", "img", "{C8FB248C-1C8E-4283-BE20-867DEC5BD342}"
	ProjectSection(SolutionItems) = preProject
		assets\img\greenHome_24x24.png = assets\img\greenHome_24x24.png
		assets\img\greenHome_48x48.png = assets\img\greenHome_48x48.png
		assets\img\greenMail_24x24.png = assets\img\greenMail_24x24.png
		assets\img\greenMail_48x48.png = assets\img\greenMail_48x48.png
		assets\img\greenMobile_24x24.png = assets\img\greenMobile_24x24.png
		assets\img\greenMobile_48x48.png = assets\img\greenMobile_48x48.png
		assets\img\gw.png = assets\img\gw.png
		assets\img\headerEdge.png = assets\img\headerEdge.png
		assets\img\mail_icon.png = assets\img\mail_icon.png
		assets\img\shadow.png = assets\img\shadow.png
		assets\img\stripes.png = assets\img\stripes.png
		assets\img\whiteStripes.png = assets\img\whiteStripes.png
	EndProjectSection
EndProject
Project("{2150E333-8FDC-42A3-9474-1A3956D46DE8}") = "external", "external", "{5B7A7579-1629-430D-8978-E754CCE4C8FD}"
EndProject
Project("{2150E333-8FDC-42A3-9474-1A3956D46DE8}") = "bootstrap", "bootstrap", "{BECEB494-301E-4D56-A949-9528B9C6E655}"
EndProject
Project("{2150E333-8FDC-42A3-9474-1A3956D46DE8}") = "jQuery", "jQuery", "{6B03A474-86DD-4A56-903B-63795DA98CB5}"
EndProject
Project("{2150E333-8FDC-42A3-9474-1A3956D46DE8}") = "tobPlugins", "tobPlugins", "{9FC03592-435F-4259-BA14-81BB211BA64F}"
EndProject
Project("{2150E333-8FDC-42A3-9474-1A3956D46DE8}") = "js", "js", "{05D24D36-1681-4D6B-AB0F-7EB9E54060F0}"
	ProjectSection(SolutionItems) = preProject
		assets\external\bootstrap\js\bootstrap.js = assets\external\bootstrap\js\bootstrap.js
		assets\external\bootstrap\js\bootstrap.min.js = assets\external\bootstrap\js\bootstrap.min.js
	EndProjectSection
EndProject
Project("{2150E333-8FDC-42A3-9474-1A3956D46DE8}") = "img", "img", "{33B2FC52-C931-4D93-9CA2-9ADA1B18DE29}"
	ProjectSection(SolutionItems) = preProject
		assets\external\bootstrap\img\glyphicons-halflings-white.png = assets\external\bootstrap\img\glyphicons-halflings-white.png
		assets\external\bootstrap\img\glyphicons-halflings.png = assets\external\bootstrap\img\glyphicons-halflings.png
	EndProjectSection
EndProject
Project("{2150E333-8FDC-42A3-9474-1A3956D46DE8}") = "css", "css", "{492A9544-DF9E-45A3-AE13-B05EBA16030C}"
	ProjectSection(SolutionItems) = preProject
		assets\external\bootstrap\css\bootstrap-responsive.css = assets\external\bootstrap\css\bootstrap-responsive.css
		assets\external\bootstrap\css\bootstrap-responsive.min.css = assets\external\bootstrap\css\bootstrap-responsive.min.css
		assets\external\bootstrap\css\bootstrap.css = assets\external\bootstrap\css\bootstrap.css
		assets\external\bootstrap\css\bootstrap.min.css = assets\external\bootstrap\css\bootstrap.min.css
	EndProjectSection
EndProject
Project("{2150E333-8FDC-42A3-9474-1A3956D46DE8}") = "js", "js", "{FA8106D9-49B9-4D1C-A190-2AFD96C2DCBC}"
	ProjectSection(SolutionItems) = preProject
		assets\external\jQuery\js\jquery-1.8.2.min.js = assets\external\jQuery\js\jquery-1.8.2.min.js
	EndProjectSection
EndProject
Project("{2150E333-8FDC-42A3-9474-1A3956D46DE8}") = "css", "css", "{27F0F04B-E724-419B-AC96-D025D7153A33}"
	ProjectSection(SolutionItems) = preProject
		assets\external\tobPlugins\css\style.css = assets\external\tobPlugins\css\style.css
	EndProjectSection
EndProject
Project("{2150E333-8FDC-42A3-9474-1A3956D46DE8}") = "js", "js", "{2A6FA421-C6F5-40BA-A53D-FEF06F13B9C5}"
	ProjectSection(SolutionItems) = preProject
		assets\external\tobPlugins\js\tobTimelineJS.js = assets\external\tobPlugins\js\tobTimelineJS.js
	EndProjectSection
EndProject
Project("{2150E333-8FDC-42A3-9474-1A3956D46DE8}") = "img", "img", "{8430388F-3A53-4320-BA66-1F870D720D33}"
	ProjectSection(SolutionItems) = preProject
		assets\external\tobPlugins\img\timelineBg.png = assets\external\tobPlugins\img\timelineBg.png
	EndProjectSection
EndProject
Project("{2150E333-8FDC-42A3-9474-1A3956D46DE8}") = "less", "less", "{972D1055-E51F-4EE1-8176-7D06298D4955}"
EndProject
Project("{2150E333-8FDC-42A3-9474-1A3956D46DE8}") = "js", "js", "{CAD986C4-94F8-49FA-8E30-BD323C870581}"
	ProjectSection(SolutionItems) = preProject
		assets\external\less\js\less-1.3.1.min.js = assets\external\less\js\less-1.3.1.min.js
	EndProjectSection
EndProject
Project("{2150E333-8FDC-42A3-9474-1A3956D46DE8}") = "tobTimelineJS", "tobTimelineJS", "{FD0AF21D-9E1E-4259-AF2C-4B2C758F61E4}"
EndProject
Project("{2150E333-8FDC-42A3-9474-1A3956D46DE8}") = "tobPopoverJS", "tobPopoverJS", "{D977D1D1-719B-41CD-9CCE-D99C0A801F09}"
EndProject
Project("{2150E333-8FDC-42A3-9474-1A3956D46DE8}") = "js", "js", "{08275306-5382-4036-96A8-1C817CB9B5CD}"
	ProjectSection(SolutionItems) = preProject
		assets\external\tobPlugins\tobPopoverJS\js\tobPopoverJS.js = assets\external\tobPlugins\tobPopoverJS\js\tobPopoverJS.js
	EndProjectSection
EndProject
Project("{2150E333-8FDC-42A3-9474-1A3956D46DE8}") = "css", "css", "{768F4ABD-90C3-4720-8F47-7850804109CD}"
	ProjectSection(SolutionItems) = preProject
		assets\external\tobPlugins\tobPopoverJS\css\styles.css = assets\external\tobPlugins\tobPopoverJS\css\styles.css
	EndProjectSection
EndProject
Project("{2150E333-8FDC-42A3-9474-1A3956D46DE8}") = "img", "img", "{8537C59E-99BF-4022-9F63-1DABCCCDF73D}"
EndProject
Global
	GlobalSection(SolutionProperties) = preSolution
		HideSolutionNode = FALSE
	EndGlobalSection
	GlobalSection(NestedProjects) = preSolution
		{8F69B1A7-92FB-40EB-8560-F9E613647492} = {E0A99116-04F0-4403-A188-E8E732DF9105}
		{F57ADAF3-9020-4658-BE38-A95A872A5350} = {8F69B1A7-92FB-40EB-8560-F9E613647492}
		{EF37BFBB-8F99-4FDD-9880-25F05FAF1A69} = {8F69B1A7-92FB-40EB-8560-F9E613647492}
		{C8FB248C-1C8E-4283-BE20-867DEC5BD342} = {8F69B1A7-92FB-40EB-8560-F9E613647492}
		{5B7A7579-1629-430D-8978-E754CCE4C8FD} = {8F69B1A7-92FB-40EB-8560-F9E613647492}
		{BECEB494-301E-4D56-A949-9528B9C6E655} = {5B7A7579-1629-430D-8978-E754CCE4C8FD}
		{6B03A474-86DD-4A56-903B-63795DA98CB5} = {5B7A7579-1629-430D-8978-E754CCE4C8FD}
		{9FC03592-435F-4259-BA14-81BB211BA64F} = {5B7A7579-1629-430D-8978-E754CCE4C8FD}
		{972D1055-E51F-4EE1-8176-7D06298D4955} = {5B7A7579-1629-430D-8978-E754CCE4C8FD}
		{05D24D36-1681-4D6B-AB0F-7EB9E54060F0} = {BECEB494-301E-4D56-A949-9528B9C6E655}
		{33B2FC52-C931-4D93-9CA2-9ADA1B18DE29} = {BECEB494-301E-4D56-A949-9528B9C6E655}
		{492A9544-DF9E-45A3-AE13-B05EBA16030C} = {BECEB494-301E-4D56-A949-9528B9C6E655}
		{FA8106D9-49B9-4D1C-A190-2AFD96C2DCBC} = {6B03A474-86DD-4A56-903B-63795DA98CB5}
		{FD0AF21D-9E1E-4259-AF2C-4B2C758F61E4} = {9FC03592-435F-4259-BA14-81BB211BA64F}
		{D977D1D1-719B-41CD-9CCE-D99C0A801F09} = {9FC03592-435F-4259-BA14-81BB211BA64F}
		{2A6FA421-C6F5-40BA-A53D-FEF06F13B9C5} = {FD0AF21D-9E1E-4259-AF2C-4B2C758F61E4}
		{8430388F-3A53-4320-BA66-1F870D720D33} = {FD0AF21D-9E1E-4259-AF2C-4B2C758F61E4}
		{27F0F04B-E724-419B-AC96-D025D7153A33} = {FD0AF21D-9E1E-4259-AF2C-4B2C758F61E4}
		{CAD986C4-94F8-49FA-8E30-BD323C870581} = {972D1055-E51F-4EE1-8176-7D06298D4955}
		{08275306-5382-4036-96A8-1C817CB9B5CD} = {D977D1D1-719B-41CD-9CCE-D99C0A801F09}
		{768F4ABD-90C3-4720-8F47-7850804109CD} = {D977D1D1-719B-41CD-9CCE-D99C0A801F09}
		{8537C59E-99BF-4022-9F63-1DABCCCDF73D} = {D977D1D1-719B-41CD-9CCE-D99C0A801F09}
	EndGlobalSection
EndGlobal
